// !$*UTF8*$!
{
	archiveVersion = 1;
	classes = {
	};
	objectVersion = 46;
	objects = {

/* Begin PBXBuildFile section */
		3372215A25A83414E6446C77 /* Pods_Messenger478.framework in Frameworks */ = {isa = PBXBuildFile; fileRef = 0B2B63F6434B8F78D50953BE /* Pods_Messenger478.framework */; };
		C00AC62C1FD7865A003D5309 /* EncryptionModule.swift in Sources */ = {isa = PBXBuildFile; fileRef = C00AC62B1FD7865A003D5309 /* EncryptionModule.swift */; };
		C09081D41FBC5AFF00583783 /* SwCrypt.swift in Sources */ = {isa = PBXBuildFile; fileRef = C09081D31FBC5AFF00583783 /* SwCrypt.swift */; };
		C0A09FCE1FD5C55A00DF44C6 /* LoginView.xib in Resources */ = {isa = PBXBuildFile; fileRef = C0A09FCD1FD5C55A00DF44C6 /* LoginView.xib */; };
		C0A09FD01FD5C62600DF44C6 /* MasterViewController.swift in Sources */ = {isa = PBXBuildFile; fileRef = C0A09FCF1FD5C62600DF44C6 /* MasterViewController.swift */; };
		C0A09FD21FD5CB6300DF44C6 /* ProtocolDefinitions.swift in Sources */ = {isa = PBXBuildFile; fileRef = C0A09FD11FD5CB6300DF44C6 /* ProtocolDefinitions.swift */; };
		C0B03AFB1FD51569009D3A9E /* LoginViewController.swift in Sources */ = {isa = PBXBuildFile; fileRef = C0B03AFA1FD51569009D3A9E /* LoginViewController.swift */; };
		C0B03AFE1FD51571009D3A9E /* MessageViewController.swift in Sources */ = {isa = PBXBuildFile; fileRef = C0B03AFC1FD51571009D3A9E /* MessageViewController.swift */; };
		C0B03B051FD51CC4009D3A9E /* MessageView.xib in Resources */ = {isa = PBXBuildFile; fileRef = C0B03B041FD51CC4009D3A9E /* MessageView.xib */; };
		C0BB099A1F8D9B2500172855 /* MessengerConnection.swift in Sources */ = {isa = PBXBuildFile; fileRef = C0BB09991F8D9B2500172855 /* MessengerConnection.swift */; };
		C0D2C4AC1F8D895600704C12 /* AppDelegate.swift in Sources */ = {isa = PBXBuildFile; fileRef = C0D2C4AB1F8D895600704C12 /* AppDelegate.swift */; };
		C0D2C4AE1F8D895600704C12 /* ViewController.swift in Sources */ = {isa = PBXBuildFile; fileRef = C0D2C4AD1F8D895600704C12 /* ViewController.swift */; };
		C0D2C4B01F8D895600704C12 /* Assets.xcassets in Resources */ = {isa = PBXBuildFile; fileRef = C0D2C4AF1F8D895600704C12 /* Assets.xcassets */; };
		C0D2C4B31F8D895600704C12 /* Main.storyboard in Resources */ = {isa = PBXBuildFile; fileRef = C0D2C4B11F8D895600704C12 /* Main.storyboard */; };
		C0D2C4BE1F8D895600704C12 /* Messenger478Tests.swift in Sources */ = {isa = PBXBuildFile; fileRef = C0D2C4BD1F8D895600704C12 /* Messenger478Tests.swift */; };
		C0D2C4C91F8D895600704C12 /* Messenger478UITests.swift in Sources */ = {isa = PBXBuildFile; fileRef = C0D2C4C81F8D895600704C12 /* Messenger478UITests.swift */; };
		C0EB546A1FA02BAD0033BE3E /* CodeGraveyard in Resources */ = {isa = PBXBuildFile; fileRef = C0EB54691FA02BAD0033BE3E /* CodeGraveyard */; };
/* End PBXBuildFile section */

/* Begin PBXContainerItemProxy section */
		C0D2C4BA1F8D895600704C12 /* PBXContainerItemProxy */ = {
			isa = PBXContainerItemProxy;
			containerPortal = C0D2C4A01F8D895600704C12 /* Project object */;
			proxyType = 1;
			remoteGlobalIDString = C0D2C4A71F8D895600704C12;
			remoteInfo = Messenger478;
		};
		C0D2C4C51F8D895600704C12 /* PBXContainerItemProxy */ = {
			isa = PBXContainerItemProxy;
			containerPortal = C0D2C4A01F8D895600704C12 /* Project object */;
			proxyType = 1;
			remoteGlobalIDString = C0D2C4A71F8D895600704C12;
			remoteInfo = Messenger478;
		};
/* End PBXContainerItemProxy section */

/* Begin PBXFileReference section */
		0B2B63F6434B8F78D50953BE /* Pods_Messenger478.framework */ = {isa = PBXFileReference; explicitFileType = wrapper.framework; includeInIndex = 0; path = Pods_Messenger478.framework; sourceTree = BUILT_PRODUCTS_DIR; };
		82927E19A2FB422CBBD21FEC /* Pods-Messenger478.release.xcconfig */ = {isa = PBXFileReference; includeInIndex = 1; lastKnownFileType = text.xcconfig; name = "Pods-Messenger478.release.xcconfig"; path = "Messenger478/Pods/Target Support Files/Pods-Messenger478/Pods-Messenger478.release.xcconfig"; sourceTree = "<group>"; };
		C00AC62B1FD7865A003D5309 /* EncryptionModule.swift */ = {isa = PBXFileReference; lastKnownFileType = sourcecode.swift; path = EncryptionModule.swift; sourceTree = "<group>"; };
		C06375741F999D830086D859 /* libcrypto.a */ = {isa = PBXFileReference; lastKnownFileType = archive.ar; name = libcrypto.a; path = ../../openssl_x86_64/libcrypto.a; sourceTree = "<group>"; };
		C06375761F99A7EE0086D859 /* libcrypto.1.0.0.dylib */ = {isa = PBXFileReference; lastKnownFileType = "compiled.mach-o.dylib"; name = libcrypto.1.0.0.dylib; path = ../../libcrypto.1.0.0.dylib; sourceTree = "<group>"; };
		C063757A1F99A8B50086D859 /* libcrypto.a */ = {isa = PBXFileReference; lastKnownFileType = archive.ar; name = libcrypto.a; path = ../../openssl_i386/libcrypto.a; sourceTree = "<group>"; };
		C063757C1F99A8C50086D859 /* libssl.a */ = {isa = PBXFileReference; lastKnownFileType = archive.ar; name = libssl.a; path = ../../openssl_x86_64/libssl.a; sourceTree = "<group>"; };
		C073B22E1FBCD3A80032891E /* Podfile */ = {isa = PBXFileReference; fileEncoding = 4; lastKnownFileType = text; name = Podfile; path = /Users/harrisonbalogh/Developer/Messenger478/Messenger478/Podfile; sourceTree = "<absolute>"; };
		C073B22F1FBCD3FA0032891E /* Messenger478-Bridging-Header.h */ = {isa = PBXFileReference; lastKnownFileType = sourcecode.c.h; path = "Messenger478-Bridging-Header.h"; sourceTree = "<group>"; };
		C09081D31FBC5AFF00583783 /* SwCrypt.swift */ = {isa = PBXFileReference; fileEncoding = 4; lastKnownFileType = sourcecode.swift; path = SwCrypt.swift; sourceTree = "<group>"; };
		C0A09FCD1FD5C55A00DF44C6 /* LoginView.xib */ = {isa = PBXFileReference; lastKnownFileType = file.xib; path = LoginView.xib; sourceTree = "<group>"; };
		C0A09FCF1FD5C62600DF44C6 /* MasterViewController.swift */ = {isa = PBXFileReference; lastKnownFileType = sourcecode.swift; path = MasterViewController.swift; sourceTree = "<group>"; };
		C0A09FD11FD5CB6300DF44C6 /* ProtocolDefinitions.swift */ = {isa = PBXFileReference; lastKnownFileType = sourcecode.swift; path = ProtocolDefinitions.swift; sourceTree = "<group>"; };
		C0B03AFA1FD51569009D3A9E /* LoginViewController.swift */ = {isa = PBXFileReference; lastKnownFileType = sourcecode.swift; path = LoginViewController.swift; sourceTree = "<group>"; };
		C0B03AFC1FD51571009D3A9E /* MessageViewController.swift */ = {isa = PBXFileReference; lastKnownFileType = sourcecode.swift; path = MessageViewController.swift; sourceTree = "<group>"; };
		C0B03B041FD51CC4009D3A9E /* MessageView.xib */ = {isa = PBXFileReference; lastKnownFileType = file.xib; path = MessageView.xib; sourceTree = "<group>"; };
		C0BB09991F8D9B2500172855 /* MessengerConnection.swift */ = {isa = PBXFileReference; fileEncoding = 4; lastKnownFileType = sourcecode.swift; path = MessengerConnection.swift; sourceTree = "<group>"; };
		C0D2C4A81F8D895600704C12 /* Messenger478.app */ = {isa = PBXFileReference; explicitFileType = wrapper.application; includeInIndex = 0; path = Messenger478.app; sourceTree = BUILT_PRODUCTS_DIR; };
		C0D2C4AB1F8D895600704C12 /* AppDelegate.swift */ = {isa = PBXFileReference; lastKnownFileType = sourcecode.swift; path = AppDelegate.swift; sourceTree = "<group>"; };
		C0D2C4AD1F8D895600704C12 /* ViewController.swift */ = {isa = PBXFileReference; lastKnownFileType = sourcecode.swift; path = ViewController.swift; sourceTree = "<group>"; };
		C0D2C4AF1F8D895600704C12 /* Assets.xcassets */ = {isa = PBXFileReference; lastKnownFileType = folder.assetcatalog; path = Assets.xcassets; sourceTree = "<group>"; };
		C0D2C4B21F8D895600704C12 /* Base */ = {isa = PBXFileReference; lastKnownFileType = file.storyboard; name = Base; path = Base.lproj/Main.storyboard; sourceTree = "<group>"; };
		C0D2C4B41F8D895600704C12 /* Info.plist */ = {isa = PBXFileReference; lastKnownFileType = text.plist.xml; path = Info.plist; sourceTree = "<group>"; };
		C0D2C4B91F8D895600704C12 /* Messenger478Tests.xctest */ = {isa = PBXFileReference; explicitFileType = wrapper.cfbundle; includeInIndex = 0; path = Messenger478Tests.xctest; sourceTree = BUILT_PRODUCTS_DIR; };
		C0D2C4BD1F8D895600704C12 /* Messenger478Tests.swift */ = {isa = PBXFileReference; lastKnownFileType = sourcecode.swift; path = Messenger478Tests.swift; sourceTree = "<group>"; };
		C0D2C4BF1F8D895600704C12 /* Info.plist */ = {isa = PBXFileReference; lastKnownFileType = text.plist.xml; path = Info.plist; sourceTree = "<group>"; };
		C0D2C4C41F8D895600704C12 /* Messenger478UITests.xctest */ = {isa = PBXFileReference; explicitFileType = wrapper.cfbundle; includeInIndex = 0; path = Messenger478UITests.xctest; sourceTree = BUILT_PRODUCTS_DIR; };
		C0D2C4C81F8D895600704C12 /* Messenger478UITests.swift */ = {isa = PBXFileReference; lastKnownFileType = sourcecode.swift; path = Messenger478UITests.swift; sourceTree = "<group>"; };
		C0D2C4CA1F8D895600704C12 /* Info.plist */ = {isa = PBXFileReference; lastKnownFileType = text.plist.xml; path = Info.plist; sourceTree = "<group>"; };
		C0EB54691FA02BAD0033BE3E /* CodeGraveyard */ = {isa = PBXFileReference; fileEncoding = 4; lastKnownFileType = text; path = CodeGraveyard; sourceTree = "<group>"; };
		DEAC95EC6DBBB70C22537F78 /* Pods-Messenger478.debug.xcconfig */ = {isa = PBXFileReference; includeInIndex = 1; lastKnownFileType = text.xcconfig; name = "Pods-Messenger478.debug.xcconfig"; path = "Messenger478/Pods/Target Support Files/Pods-Messenger478/Pods-Messenger478.debug.xcconfig"; sourceTree = "<group>"; };
/* End PBXFileReference section */

/* Begin PBXFrameworksBuildPhase section */
		C0D2C4A51F8D895600704C12 /* Frameworks */ = {
			isa = PBXFrameworksBuildPhase;
			buildActionMask = 2147483647;
			files = (
				3372215A25A83414E6446C77 /* Pods_Messenger478.framework in Frameworks */,
			);
			runOnlyForDeploymentPostprocessing = 0;
		};
		C0D2C4B61F8D895600704C12 /* Frameworks */ = {
			isa = PBXFrameworksBuildPhase;
			buildActionMask = 2147483647;
			files = (
			);
			runOnlyForDeploymentPostprocessing = 0;
		};
		C0D2C4C11F8D895600704C12 /* Frameworks */ = {
			isa = PBXFrameworksBuildPhase;
			buildActionMask = 2147483647;
			files = (
			);
			runOnlyForDeploymentPostprocessing = 0;
		};
/* End PBXFrameworksBuildPhase section */

/* Begin PBXGroup section */
		8FE105314C293A5B626D54FD /* Pods */ = {
			isa = PBXGroup;
			children = (
				DEAC95EC6DBBB70C22537F78 /* Pods-Messenger478.debug.xcconfig */,
				82927E19A2FB422CBBD21FEC /* Pods-Messenger478.release.xcconfig */,
			);
			name = Pods;
			sourceTree = "<group>";
		};
		C00AC62A1FD78505003D5309 /* Encryption */ = {
			isa = PBXGroup;
			children = (
				C00AC62B1FD7865A003D5309 /* EncryptionModule.swift */,
			);
			path = Encryption;
			sourceTree = "<group>";
		};
		C06375731F999D830086D859 /* Frameworks */ = {
			isa = PBXGroup;
			children = (
				C063757C1F99A8C50086D859 /* libssl.a */,
				C063757A1F99A8B50086D859 /* libcrypto.a */,
				C06375761F99A7EE0086D859 /* libcrypto.1.0.0.dylib */,
				C06375741F999D830086D859 /* libcrypto.a */,
				0B2B63F6434B8F78D50953BE /* Pods_Messenger478.framework */,
			);
			name = Frameworks;
			sourceTree = "<group>";
		};
		C0BB09981F8D9B0B00172855 /* Connection */ = {
			isa = PBXGroup;
			children = (
				C0BB09991F8D9B2500172855 /* MessengerConnection.swift */,
			);
			name = Connection;
			sourceTree = "<group>";
		};
		C0D2C49F1F8D895600704C12 = {
			isa = PBXGroup;
			children = (
				C0D2C4AA1F8D895600704C12 /* Messenger478 */,
				C0D2C4BC1F8D895600704C12 /* Messenger478Tests */,
				C0D2C4C71F8D895600704C12 /* Messenger478UITests */,
				C0D2C4A91F8D895600704C12 /* Products */,
				C06375731F999D830086D859 /* Frameworks */,
				8FE105314C293A5B626D54FD /* Pods */,
			);
			sourceTree = "<group>";
		};
		C0D2C4A91F8D895600704C12 /* Products */ = {
			isa = PBXGroup;
			children = (
				C0D2C4A81F8D895600704C12 /* Messenger478.app */,
				C0D2C4B91F8D895600704C12 /* Messenger478Tests.xctest */,
				C0D2C4C41F8D895600704C12 /* Messenger478UITests.xctest */,
			);
			name = Products;
			sourceTree = "<group>";
		};
		C0D2C4AA1F8D895600704C12 /* Messenger478 */ = {
			isa = PBXGroup;
			children = (
				C0D2C4AB1F8D895600704C12 /* AppDelegate.swift */,
				C0D2C4AD1F8D895600704C12 /* ViewController.swift */,
				C0A09FD11FD5CB6300DF44C6 /* ProtocolDefinitions.swift */,
				C0A09FCF1FD5C62600DF44C6 /* MasterViewController.swift */,
				C0B03AFA1FD51569009D3A9E /* LoginViewController.swift */,
				C0A09FCD1FD5C55A00DF44C6 /* LoginView.xib */,
				C0B03AFC1FD51571009D3A9E /* MessageViewController.swift */,
				C0B03B041FD51CC4009D3A9E /* MessageView.xib */,
				C09081D31FBC5AFF00583783 /* SwCrypt.swift */,
				C0EB54691FA02BAD0033BE3E /* CodeGraveyard */,
				C0D2C4B11F8D895600704C12 /* Main.storyboard */,
				C0D2C4B41F8D895600704C12 /* Info.plist */,
				C073B22E1FBCD3A80032891E /* Podfile */,
				C073B22F1FBCD3FA0032891E /* Messenger478-Bridging-Header.h */,
				C0D2C4AF1F8D895600704C12 /* Assets.xcassets */,
				C0BB09981F8D9B0B00172855 /* Connection */,
				C00AC62A1FD78505003D5309 /* Encryption */,
			);
			path = Messenger478;
			sourceTree = "<group>";
		};
		C0D2C4BC1F8D895600704C12 /* Messenger478Tests */ = {
			isa = PBXGroup;
			children = (
				C0D2C4BD1F8D895600704C12 /* Messenger478Tests.swift */,
				C0D2C4BF1F8D895600704C12 /* Info.plist */,
			);
			path = Messenger478Tests;
			sourceTree = "<group>";
		};
		C0D2C4C71F8D895600704C12 /* Messenger478UITests */ = {
			isa = PBXGroup;
			children = (
				C0D2C4C81F8D895600704C12 /* Messenger478UITests.swift */,
				C0D2C4CA1F8D895600704C12 /* Info.plist */,
			);
			path = Messenger478UITests;
			sourceTree = "<group>";
		};
/* End PBXGroup section */

/* Begin PBXNativeTarget section */
		C0D2C4A71F8D895600704C12 /* Messenger478 */ = {
			isa = PBXNativeTarget;
			buildConfigurationList = C0D2C4CD1F8D895600704C12 /* Build configuration list for PBXNativeTarget "Messenger478" */;
			buildPhases = (
				818DE15F569DE763009BDB61 /* [CP] Check Pods Manifest.lock */,
				C0D2C4A41F8D895600704C12 /* Sources */,
				C0D2C4A51F8D895600704C12 /* Frameworks */,
				C0D2C4A61F8D895600704C12 /* Resources */,
				38601B7CEE729D25A718AB98 /* [CP] Embed Pods Frameworks */,
				7C8DB64DD75FB354E08A6BF5 /* [CP] Copy Pods Resources */,
			);
			buildRules = (
			);
			dependencies = (
			);
			name = Messenger478;
			productName = Messenger478;
			productReference = C0D2C4A81F8D895600704C12 /* Messenger478.app */;
			productType = "com.apple.product-type.application";
		};
		C0D2C4B81F8D895600704C12 /* Messenger478Tests */ = {
			isa = PBXNativeTarget;
			buildConfigurationList = C0D2C4D01F8D895600704C12 /* Build configuration list for PBXNativeTarget "Messenger478Tests" */;
			buildPhases = (
				C0D2C4B51F8D895600704C12 /* Sources */,
				C0D2C4B61F8D895600704C12 /* Frameworks */,
				C0D2C4B71F8D895600704C12 /* Resources */,
			);
			buildRules = (
			);
			dependencies = (
				C0D2C4BB1F8D895600704C12 /* PBXTargetDependency */,
			);
			name = Messenger478Tests;
			productName = Messenger478Tests;
			productReference = C0D2C4B91F8D895600704C12 /* Messenger478Tests.xctest */;
			productType = "com.apple.product-type.bundle.unit-test";
		};
		C0D2C4C31F8D895600704C12 /* Messenger478UITests */ = {
			isa = PBXNativeTarget;
			buildConfigurationList = C0D2C4D31F8D895600704C12 /* Build configuration list for PBXNativeTarget "Messenger478UITests" */;
			buildPhases = (
				C0D2C4C01F8D895600704C12 /* Sources */,
				C0D2C4C11F8D895600704C12 /* Frameworks */,
				C0D2C4C21F8D895600704C12 /* Resources */,
			);
			buildRules = (
			);
			dependencies = (
				C0D2C4C61F8D895600704C12 /* PBXTargetDependency */,
			);
			name = Messenger478UITests;
			productName = Messenger478UITests;
			productReference = C0D2C4C41F8D895600704C12 /* Messenger478UITests.xctest */;
			productType = "com.apple.product-type.bundle.ui-testing";
		};
/* End PBXNativeTarget section */

/* Begin PBXProject section */
		C0D2C4A01F8D895600704C12 /* Project object */ = {
			isa = PBXProject;
			attributes = {
				LastSwiftUpdateCheck = 0820;
				LastUpgradeCheck = 0910;
				ORGANIZATIONNAME = Harxer;
				TargetAttributes = {
					C0D2C4A71F8D895600704C12 = {
						CreatedOnToolsVersion = 8.2.1;
						DevelopmentTeam = BY29N4YX97;
						LastSwiftMigration = 0820;
						ProvisioningStyle = Automatic;
					};
					C0D2C4B81F8D895600704C12 = {
						CreatedOnToolsVersion = 8.2.1;
						DevelopmentTeam = BY29N4YX97;
						LastSwiftMigration = 0910;
						ProvisioningStyle = Automatic;
						TestTargetID = C0D2C4A71F8D895600704C12;
					};
					C0D2C4C31F8D895600704C12 = {
						CreatedOnToolsVersion = 8.2.1;
						DevelopmentTeam = BY29N4YX97;
						LastSwiftMigration = 0910;
						ProvisioningStyle = Automatic;
						TestTargetID = C0D2C4A71F8D895600704C12;
					};
				};
			};
			buildConfigurationList = C0D2C4A31F8D895600704C12 /* Build configuration list for PBXProject "Messenger478" */;
			compatibilityVersion = "Xcode 3.2";
			developmentRegion = English;
			hasScannedForEncodings = 0;
			knownRegions = (
				en,
				Base,
			);
			mainGroup = C0D2C49F1F8D895600704C12;
			productRefGroup = C0D2C4A91F8D895600704C12 /* Products */;
			projectDirPath = "";
			projectRoot = "";
			targets = (
				C0D2C4A71F8D895600704C12 /* Messenger478 */,
				C0D2C4B81F8D895600704C12 /* Messenger478Tests */,
				C0D2C4C31F8D895600704C12 /* Messenger478UITests */,
			);
		};
/* End PBXProject section */

/* Begin PBXResourcesBuildPhase section */
		C0D2C4A61F8D895600704C12 /* Resources */ = {
			isa = PBXResourcesBuildPhase;
			buildActionMask = 2147483647;
			files = (
				C0EB546A1FA02BAD0033BE3E /* CodeGraveyard in Resources */,
				C0B03B051FD51CC4009D3A9E /* MessageView.xib in Resources */,
				C0D2C4B01F8D895600704C12 /* Assets.xcassets in Resources */,
				C0A09FCE1FD5C55A00DF44C6 /* LoginView.xib in Resources */,
				C0D2C4B31F8D895600704C12 /* Main.storyboard in Resources */,
			);
			runOnlyForDeploymentPostprocessing = 0;
		};
		C0D2C4B71F8D895600704C12 /* Resources */ = {
			isa = PBXResourcesBuildPhase;
			buildActionMask = 2147483647;
			files = (
			);
			runOnlyForDeploymentPostprocessing = 0;
		};
		C0D2C4C21F8D895600704C12 /* Resources */ = {
			isa = PBXResourcesBuildPhase;
			buildActionMask = 2147483647;
			files = (
			);
			runOnlyForDeploymentPostprocessing = 0;
		};
/* End PBXResourcesBuildPhase section */

/* Begin PBXShellScriptBuildPhase section */
		38601B7CEE729D25A718AB98 /* [CP] Embed Pods Frameworks */ = {
			isa = PBXShellScriptBuildPhase;
			buildActionMask = 2147483647;
			files = (
			);
			inputPaths = (
				"${SRCROOT}/Messenger478/Pods/Target Support Files/Pods-Messenger478/Pods-Messenger478-frameworks.sh",
				"${BUILT_PRODUCTS_DIR}/CryptoSwift/CryptoSwift.framework",
				"${BUILT_PRODUCTS_DIR}/JSONWebToken/JWT.framework",
				"${BUILT_PRODUCTS_DIR}/Socket.IO-Client-Swift/SocketIO.framework",
				"${BUILT_PRODUCTS_DIR}/Starscream/Starscream.framework",
			);
			name = "[CP] Embed Pods Frameworks";
			outputPaths = (
				"${TARGET_BUILD_DIR}/${FRAMEWORKS_FOLDER_PATH}/CryptoSwift.framework",
				"${TARGET_BUILD_DIR}/${FRAMEWORKS_FOLDER_PATH}/JWT.framework",
				"${TARGET_BUILD_DIR}/${FRAMEWORKS_FOLDER_PATH}/SocketIO.framework",
				"${TARGET_BUILD_DIR}/${FRAMEWORKS_FOLDER_PATH}/Starscream.framework",
			);
			runOnlyForDeploymentPostprocessing = 0;
			shellPath = /bin/sh;
			shellScript = "\"${SRCROOT}/Messenger478/Pods/Target Support Files/Pods-Messenger478/Pods-Messenger478-frameworks.sh\"\n";
			showEnvVarsInLog = 0;
		};
		7C8DB64DD75FB354E08A6BF5 /* [CP] Copy Pods Resources */ = {
			isa = PBXShellScriptBuildPhase;
			buildActionMask = 2147483647;
			files = (
			);
			inputPaths = (
			);
			name = "[CP] Copy Pods Resources";
			outputPaths = (
			);
			runOnlyForDeploymentPostprocessing = 0;
			shellPath = /bin/sh;
			shellScript = "\"${SRCROOT}/Messenger478/Pods/Target Support Files/Pods-Messenger478/Pods-Messenger478-resources.sh\"\n";
			showEnvVarsInLog = 0;
		};
		818DE15F569DE763009BDB61 /* [CP] Check Pods Manifest.lock */ = {
			isa = PBXShellScriptBuildPhase;
			buildActionMask = 2147483647;
			files = (
			);
			inputPaths = (
				"${PODS_PODFILE_DIR_PATH}/Podfile.lock",
				"${PODS_ROOT}/Manifest.lock",
			);
			name = "[CP] Check Pods Manifest.lock";
			outputPaths = (
				"$(DERIVED_FILE_DIR)/Pods-Messenger478-checkManifestLockResult.txt",
			);
			runOnlyForDeploymentPostprocessing = 0;
			shellPath = /bin/sh;
			shellScript = "diff \"${PODS_PODFILE_DIR_PATH}/Podfile.lock\" \"${PODS_ROOT}/Manifest.lock\" > /dev/null\nif [ $? != 0 ] ; then\n    # print error to STDERR\n    echo \"error: The sandbox is not in sync with the Podfile.lock. Run 'pod install' or update your CocoaPods installation.\" >&2\n    exit 1\nfi\n# This output is used by Xcode 'outputs' to avoid re-running this script phase.\necho \"SUCCESS\" > \"${SCRIPT_OUTPUT_FILE_0}\"\n";
			showEnvVarsInLog = 0;
		};
/* End PBXShellScriptBuildPhase section */

/* Begin PBXSourcesBuildPhase section */
		C0D2C4A41F8D895600704C12 /* Sources */ = {
			isa = PBXSourcesBuildPhase;
			buildActionMask = 2147483647;
			files = (
				C0A09FD01FD5C62600DF44C6 /* MasterViewController.swift in Sources */,
				C0B03AFB1FD51569009D3A9E /* LoginViewController.swift in Sources */,
				C0A09FD21FD5CB6300DF44C6 /* ProtocolDefinitions.swift in Sources */,
				C09081D41FBC5AFF00583783 /* SwCrypt.swift in Sources */,
				C0B03AFE1FD51571009D3A9E /* MessageViewController.swift in Sources */,
				C0D2C4AE1F8D895600704C12 /* ViewController.swift in Sources */,
				C00AC62C1FD7865A003D5309 /* EncryptionModule.swift in Sources */,
				C0BB099A1F8D9B2500172855 /* MessengerConnection.swift in Sources */,
				C0D2C4AC1F8D895600704C12 /* AppDelegate.swift in Sources */,
			);
			runOnlyForDeploymentPostprocessing = 0;
		};
		C0D2C4B51F8D895600704C12 /* Sources */ = {
			isa = PBXSourcesBuildPhase;
			buildActionMask = 2147483647;
			files = (
				C0D2C4BE1F8D895600704C12 /* Messenger478Tests.swift in Sources */,
			);
			runOnlyForDeploymentPostprocessing = 0;
		};
		C0D2C4C01F8D895600704C12 /* Sources */ = {
			isa = PBXSourcesBuildPhase;
			buildActionMask = 2147483647;
			files = (
				C0D2C4C91F8D895600704C12 /* Messenger478UITests.swift in Sources */,
			);
			runOnlyForDeploymentPostprocessing = 0;
		};
/* End PBXSourcesBuildPhase section */

/* Begin PBXTargetDependency section */
		C0D2C4BB1F8D895600704C12 /* PBXTargetDependency */ = {
			isa = PBXTargetDependency;
			target = C0D2C4A71F8D895600704C12 /* Messenger478 */;
			targetProxy = C0D2C4BA1F8D895600704C12 /* PBXContainerItemProxy */;
		};
		C0D2C4C61F8D895600704C12 /* PBXTargetDependency */ = {
			isa = PBXTargetDependency;
			target = C0D2C4A71F8D895600704C12 /* Messenger478 */;
			targetProxy = C0D2C4C51F8D895600704C12 /* PBXContainerItemProxy */;
		};
/* End PBXTargetDependency section */

/* Begin PBXVariantGroup section */
		C0D2C4B11F8D895600704C12 /* Main.storyboard */ = {
			isa = PBXVariantGroup;
			children = (
				C0D2C4B21F8D895600704C12 /* Base */,
			);
			name = Main.storyboard;
			sourceTree = "<group>";
		};
/* End PBXVariantGroup section */

/* Begin XCBuildConfiguration section */
		C0D2C4CB1F8D895600704C12 /* Debug */ = {
			isa = XCBuildConfiguration;
			buildSettings = {
				ALWAYS_SEARCH_USER_PATHS = NO;
				CLANG_ANALYZER_NONNULL = YES;
				CLANG_CXX_LANGUAGE_STANDARD = "gnu++0x";
				CLANG_CXX_LIBRARY = "libc++";
				CLANG_ENABLE_MODULES = YES;
				CLANG_ENABLE_OBJC_ARC = YES;
				CLANG_WARN_BLOCK_CAPTURE_AUTORELEASING = YES;
				CLANG_WARN_BOOL_CONVERSION = YES;
				CLANG_WARN_COMMA = YES;
				CLANG_WARN_CONSTANT_CONVERSION = YES;
				CLANG_WARN_DIRECT_OBJC_ISA_USAGE = YES_ERROR;
				CLANG_WARN_DOCUMENTATION_COMMENTS = YES;
				CLANG_WARN_EMPTY_BODY = YES;
				CLANG_WARN_ENUM_CONVERSION = YES;
				CLANG_WARN_INFINITE_RECURSION = YES;
				CLANG_WARN_INT_CONVERSION = YES;
				CLANG_WARN_NON_LITERAL_NULL_CONVERSION = YES;
				CLANG_WARN_OBJC_LITERAL_CONVERSION = YES;
				CLANG_WARN_OBJC_ROOT_CLASS = YES_ERROR;
				CLANG_WARN_RANGE_LOOP_ANALYSIS = YES;
				CLANG_WARN_STRICT_PROTOTYPES = YES;
				CLANG_WARN_SUSPICIOUS_MOVE = YES;
				CLANG_WARN_UNREACHABLE_CODE = YES;
				CLANG_WARN__DUPLICATE_METHOD_MATCH = YES;
				CODE_SIGN_IDENTITY = "-";
				COPY_PHASE_STRIP = NO;
				DEBUG_INFORMATION_FORMAT = dwarf;
				ENABLE_STRICT_OBJC_MSGSEND = YES;
				ENABLE_TESTABILITY = YES;
				GCC_C_LANGUAGE_STANDARD = gnu99;
				GCC_DYNAMIC_NO_PIC = NO;
				GCC_NO_COMMON_BLOCKS = YES;
				GCC_OPTIMIZATION_LEVEL = 0;
				GCC_PREPROCESSOR_DEFINITIONS = (
					"DEBUG=1",
					"$(inherited)",
				);
				GCC_WARN_64_TO_32_BIT_CONVERSION = YES;
				GCC_WARN_ABOUT_RETURN_TYPE = YES_ERROR;
				GCC_WARN_UNDECLARED_SELECTOR = YES;
				GCC_WARN_UNINITIALIZED_AUTOS = YES_AGGRESSIVE;
				GCC_WARN_UNUSED_FUNCTION = YES;
				GCC_WARN_UNUSED_VARIABLE = YES;
				MACOSX_DEPLOYMENT_TARGET = 10.12;
				MTL_ENABLE_DEBUG_INFO = YES;
				ONLY_ACTIVE_ARCH = YES;
				SDKROOT = macosx;
				SWIFT_ACTIVE_COMPILATION_CONDITIONS = DEBUG;
				SWIFT_OPTIMIZATION_LEVEL = "-Onone";
				USER_HEADER_SEARCH_PATHS = "";
			};
			name = Debug;
		};
		C0D2C4CC1F8D895600704C12 /* Release */ = {
			isa = XCBuildConfiguration;
			buildSettings = {
				ALWAYS_SEARCH_USER_PATHS = NO;
				CLANG_ANALYZER_NONNULL = YES;
				CLANG_CXX_LANGUAGE_STANDARD = "gnu++0x";
				CLANG_CXX_LIBRARY = "libc++";
				CLANG_ENABLE_MODULES = YES;
				CLANG_ENABLE_OBJC_ARC = YES;
				CLANG_WARN_BLOCK_CAPTURE_AUTORELEASING = YES;
				CLANG_WARN_BOOL_CONVERSION = YES;
				CLANG_WARN_COMMA = YES;
				CLANG_WARN_CONSTANT_CONVERSION = YES;
				CLANG_WARN_DIRECT_OBJC_ISA_USAGE = YES_ERROR;
				CLANG_WARN_DOCUMENTATION_COMMENTS = YES;
				CLANG_WARN_EMPTY_BODY = YES;
				CLANG_WARN_ENUM_CONVERSION = YES;
				CLANG_WARN_INFINITE_RECURSION = YES;
				CLANG_WARN_INT_CONVERSION = YES;
				CLANG_WARN_NON_LITERAL_NULL_CONVERSION = YES;
				CLANG_WARN_OBJC_LITERAL_CONVERSION = YES;
				CLANG_WARN_OBJC_ROOT_CLASS = YES_ERROR;
				CLANG_WARN_RANGE_LOOP_ANALYSIS = YES;
				CLANG_WARN_STRICT_PROTOTYPES = YES;
				CLANG_WARN_SUSPICIOUS_MOVE = YES;
				CLANG_WARN_UNREACHABLE_CODE = YES;
				CLANG_WARN__DUPLICATE_METHOD_MATCH = YES;
				CODE_SIGN_IDENTITY = "-";
				COPY_PHASE_STRIP = NO;
				DEBUG_INFORMATION_FORMAT = "dwarf-with-dsym";
				ENABLE_NS_ASSERTIONS = NO;
				ENABLE_STRICT_OBJC_MSGSEND = YES;
				GCC_C_LANGUAGE_STANDARD = gnu99;
				GCC_NO_COMMON_BLOCKS = YES;
				GCC_WARN_64_TO_32_BIT_CONVERSION = YES;
				GCC_WARN_ABOUT_RETURN_TYPE = YES_ERROR;
				GCC_WARN_UNDECLARED_SELECTOR = YES;
				GCC_WARN_UNINITIALIZED_AUTOS = YES_AGGRESSIVE;
				GCC_WARN_UNUSED_FUNCTION = YES;
				GCC_WARN_UNUSED_VARIABLE = YES;
				MACOSX_DEPLOYMENT_TARGET = 10.12;
				MTL_ENABLE_DEBUG_INFO = NO;
				SDKROOT = macosx;
				SWIFT_OPTIMIZATION_LEVEL = "-Owholemodule";
				USER_HEADER_SEARCH_PATHS = "";
			};
			name = Release;
		};
		C0D2C4CE1F8D895600704C12 /* Debug */ = {
			isa = XCBuildConfiguration;
			baseConfigurationReference = DEAC95EC6DBBB70C22537F78 /* Pods-Messenger478.debug.xcconfig */;
			buildSettings = {
				ALWAYS_SEARCH_USER_PATHS = NO;
				ASSETCATALOG_COMPILER_APPICON_NAME = AppIcon;
				CLANG_ENABLE_MODULES = YES;
				COMBINE_HIDPI_IMAGES = YES;
				DEVELOPMENT_TEAM = BY29N4YX97;
				INFOPLIST_FILE = Messenger478/Info.plist;
				LD_RUNPATH_SEARCH_PATHS = "$(inherited) @executable_path/../Frameworks";
				MACOSX_DEPLOYMENT_TARGET = 10.12;
				PRODUCT_BUNDLE_IDENTIFIER = HB.Messenger478;
				PRODUCT_NAME = "$(TARGET_NAME)";
				SWIFT_OBJC_BRIDGING_HEADER = "Messenger478/Messenger478-Bridging-Header.h";
				SWIFT_OPTIMIZATION_LEVEL = "-Onone";
				SWIFT_VERSION = 4.0;
				USER_HEADER_SEARCH_PATHS = "";
			};
			name = Debug;
		};
		C0D2C4CF1F8D895600704C12 /* Release */ = {
			isa = XCBuildConfiguration;
			baseConfigurationReference = 82927E19A2FB422CBBD21FEC /* Pods-Messenger478.release.xcconfig */;
			buildSettings = {
				ALWAYS_SEARCH_USER_PATHS = NO;
				ASSETCATALOG_COMPILER_APPICON_NAME = AppIcon;
				CLANG_ENABLE_MODULES = YES;
				COMBINE_HIDPI_IMAGES = YES;
				DEVELOPMENT_TEAM = BY29N4YX97;
				INFOPLIST_FILE = Messenger478/Info.plist;
				LD_RUNPATH_SEARCH_PATHS = "$(inherited) @executable_path/../Frameworks";
				MACOSX_DEPLOYMENT_TARGET = 10.12;
				PRODUCT_BUNDLE_IDENTIFIER = HB.Messenger478;
				PRODUCT_NAME = "$(TARGET_NAME)";
				SWIFT_OBJC_BRIDGING_HEADER = "Messenger478/Messenger478-Bridging-Header.h";
				SWIFT_VERSION = 4.0;
				USER_HEADER_SEARCH_PATHS = "";
			};
			name = Release;
		};
		C0D2C4D11F8D895600704C12 /* Debug */ = {
			isa = XCBuildConfiguration;
			buildSettings = {
				ALWAYS_EMBED_SWIFT_STANDARD_LIBRARIES = YES;
				BUNDLE_LOADER = "$(TEST_HOST)";
				COMBINE_HIDPI_IMAGES = YES;
				DEVELOPMENT_TEAM = BY29N4YX97;
				INFOPLIST_FILE = Messenger478Tests/Info.plist;
				LD_RUNPATH_SEARCH_PATHS = "$(inherited) @executable_path/../Frameworks @loader_path/../Frameworks";
				PRODUCT_BUNDLE_IDENTIFIER = HB.Messenger478Tests;
				PRODUCT_NAME = "$(TARGET_NAME)";
				SWIFT_VERSION = 3.0;
				TEST_HOST = "$(BUILT_PRODUCTS_DIR)/Messenger478.app/Contents/MacOS/Messenger478";
			};
			name = Debug;
		};
		C0D2C4D21F8D895600704C12 /* Release */ = {
			isa = XCBuildConfiguration;
			buildSettings = {
				ALWAYS_EMBED_SWIFT_STANDARD_LIBRARIES = YES;
				BUNDLE_LOADER = "$(TEST_HOST)";
				COMBINE_HIDPI_IMAGES = YES;
				DEVELOPMENT_TEAM = BY29N4YX97;
				INFOPLIST_FILE = Messenger478Tests/Info.plist;
				LD_RUNPATH_SEARCH_PATHS = "$(inherited) @executable_path/../Frameworks @loader_path/../Frameworks";
				PRODUCT_BUNDLE_IDENTIFIER = HB.Messenger478Tests;
				PRODUCT_NAME = "$(TARGET_NAME)";
				SWIFT_VERSION = 3.0;
				TEST_HOST = "$(BUILT_PRODUCTS_DIR)/Messenger478.app/Contents/MacOS/Messenger478";
			};
			name = Release;
		};
		C0D2C4D41F8D895600704C12 /* Debug */ = {
			isa = XCBuildConfiguration;
			buildSettings = {
				ALWAYS_EMBED_SWIFT_STANDARD_LIBRARIES = YES;
				COMBINE_HIDPI_IMAGES = YES;
				DEVELOPMENT_TEAM = BY29N4YX97;
				INFOPLIST_FILE = Messenger478UITests/Info.plist;
				LD_RUNPATH_SEARCH_PATHS = "$(inherited) @executable_path/../Frameworks @loader_path/../Frameworks";
				PRODUCT_BUNDLE_IDENTIFIER = HB.Messenger478UITests;
				PRODUCT_NAME = "$(TARGET_NAME)";
				SWIFT_VERSION = 3.0;
				TEST_TARGET_NAME = Messenger478;
			};
			name = Debug;
		};
		C0D2C4D51F8D895600704C12 /* Release */ = {
			isa = XCBuildConfiguration;
			buildSettings = {
				ALWAYS_EMBED_SWIFT_STANDARD_LIBRARIES = YES;
				COMBINE_HIDPI_IMAGES = YES;
				DEVELOPMENT_TEAM = BY29N4YX97;
				INFOPLIST_FILE = Messenger478UITests/Info.plist;
				LD_RUNPATH_SEARCH_PATHS = "$(inherited) @executable_path/../Frameworks @loader_path/../Frameworks";
				PRODUCT_BUNDLE_IDENTIFIER = HB.Messenger478UITests;
				PRODUCT_NAME = "$(TARGET_NAME)";
				SWIFT_VERSION = 3.0;
				TEST_TARGET_NAME = Messenger478;
			};
			name = Release;
		};
/* End XCBuildConfiguration section */

/* Begin XCConfigurationList section */
		C0D2C4A31F8D895600704C12 /* Build configuration list for PBXProject "Messenger478" */ = {
			isa = XCConfigurationList;
			buildConfigurations = (
				C0D2C4CB1F8D895600704C12 /* Debug */,
				C0D2C4CC1F8D895600704C12 /* Release */,
			);
			defaultConfigurationIsVisible = 0;
			defaultConfigurationName = Release;
		};
		C0D2C4CD1F8D895600704C12 /* Build configuration list for PBXNativeTarget "Messenger478" */ = {
			isa = XCConfigurationList;
			buildConfigurations = (
				C0D2C4CE1F8D895600704C12 /* Debug */,
				C0D2C4CF1F8D895600704C12 /* Release */,
			);
			defaultConfigurationIsVisible = 0;
			defaultConfigurationName = Release;
		};
		C0D2C4D01F8D895600704C12 /* Build configuration list for PBXNativeTarget "Messenger478Tests" */ = {
			isa = XCConfigurationList;
			buildConfigurations = (
				C0D2C4D11F8D895600704C12 /* Debug */,
				C0D2C4D21F8D895600704C12 /* Release */,
			);
			defaultConfigurationIsVisible = 0;
			defaultConfigurationName = Release;
		};
		C0D2C4D31F8D895600704C12 /* Build configuration list for PBXNativeTarget "Messenger478UITests" */ = {
			isa = XCConfigurationList;
			buildConfigurations = (
				C0D2C4D41F8D895600704C12 /* Debug */,
				C0D2C4D51F8D895600704C12 /* Release */,
			);
			defaultConfigurationIsVisible = 0;
			defaultConfigurationName = Release;
		};
/* End XCConfigurationList section */
	};
	rootObject = C0D2C4A01F8D895600704C12 /* Project object */;
}
